
Microsoft Visual Studio Solution File, Format Version 12.00
# Visual Studio Version 17
VisualStudioVersion = 17.9.34728.123
MinimumVisualStudioVersion = 10.0.40219.1
Project("{8BC9CEB8-8B4A-11D0-8D11-00A0C91BC942}") = "lab5", "lab5\lab5.vcxproj", "{9AC64306-5007-4CF0-B34B-EE27AE490D72}"
EndProject
Project("{8BC9CEB8-8B4A-11D0-8D11-00A0C91BC942}") = "lab_5", "..\lab_5\lab_5.vcxproj", "{B456A27D-09D6-45D3-9713-90643A3E0E74}"
EndProject
Project("{8BC9CEB8-8B4A-11D0-8D11-00A0C91BC942}") = "aaa", "aaa\aaa.vcxproj", "{4CB8562B-50ED-4C3F-A1ED-8AD8318232E8}"
EndProject
Global
	GlobalSection(SolutionConfigurationPlatforms) = preSolution
		Debug|x64 = Debug|x64
		Debug|x86 = Debug|x86
		Release|x64 = Release|x64
		Release|x86 = Release|x86
	EndGlobalSection
	GlobalSection(ProjectConfigurationPlatforms) = postSolution
		{9AC64306-5007-4CF0-B34B-EE27AE490D72}.Debug|x64.ActiveCfg = Debug|x64
		{9AC64306-5007-4CF0-B34B-EE27AE490D72}.Debug|x64.Build.0 = Debug|x64
		{9AC64306-5007-4CF0-B34B-EE27AE490D72}.Debug|x86.ActiveCfg = Debug|Win32
		{9AC64306-5007-4CF0-B34B-EE27AE490D72}.Debug|x86.Build.0 = Debug|Win32
		{9AC64306-5007-4CF0-B34B-EE27AE490D72}.Release|x64.ActiveCfg = Release|x64
		{9AC64306-5007-4CF0-B34B-EE27AE490D72}.Release|x64.Build.0 = Release|x64
		{9AC64306-5007-4CF0-B34B-EE27AE490D72}.Release|x86.ActiveCfg = Release|Win32
		{9AC64306-5007-4CF0-B34B-EE27AE490D72}.Release|x86.Build.0 = Release|Win32
		{B456A27D-09D6-45D3-9713-90643A3E0E74}.Debug|x64.ActiveCfg = Debug|x64
		{B456A27D-09D6-45D3-9713-90643A3E0E74}.Debug|x64.Build.0 = Debug|x64
		{B456A27D-09D6-45D3-9713-90643A3E0E74}.Debug|x86.ActiveCfg = Debug|Win32
		{B456A27D-09D6-45D3-9713-90643A3E0E74}.Debug|x86.Build.0 = Debug|Win32
		{B456A27D-09D6-45D3-9713-90643A3E0E74}.Release|x64.ActiveCfg = Release|x64
		{B456A27D-09D6-45D3-9713-90643A3E0E74}.Release|x64.Build.0 = Release|x64
		{B456A27D-09D6-45D3-9713-90643A3E0E74}.Release|x86.ActiveCfg = Release|Win32
		{B456A27D-09D6-45D3-9713-90643A3E0E74}.Release|x86.Build.0 = Release|Win32
		{4CB8562B-50ED-4C3F-A1ED-8AD8318232E8}.Debug|x64.ActiveCfg = Debug|x64
		{4CB8562B-50ED-4C3F-A1ED-8AD8318232E8}.Debug|x64.Build.0 = Debug|x64
		{4CB8562B-50ED-4C3F-A1ED-8AD8318232E8}.Debug|x86.ActiveCfg = Debug|Win32
		{4CB8562B-50ED-4C3F-A1ED-8AD8318232E8}.Debug|x86.Build.0 = Debug|Win32
		{4CB8562B-50ED-4C3F-A1ED-8AD8318232E8}.Release|x64.ActiveCfg = Release|x64
		{4CB8562B-50ED-4C3F-A1ED-8AD8318232E8}.Release|x64.Build.0 = Release|x64
		{4CB8562B-50ED-4C3F-A1ED-8AD8318232E8}.Release|x86.ActiveCfg = Release|Win32
		{4CB8562B-50ED-4C3F-A1ED-8AD8318232E8}.Release|x86.Build.0 = Release|Win32
	EndGlobalSection
	GlobalSection(SolutionProperties) = preSolution
		HideSolutionNode = FALSE
	EndGlobalSection
	GlobalSection(ExtensibilityGlobals) = postSolution
		SolutionGuid = {ADCF33B7-AA07-4C3A-B203-C23245B80E62}
	EndGlobalSection
EndGlobal
